
Microsoft Visual Studio Solution File, Format Version 12.00
Project("{FAE04EC0-301F-11D3-BF4B-00C04F79EFBC}") = "zajecia2", "zajecia2\zajecia2.csproj", "{610EEB32-0184-4F9F-B5C6-92AC38310A1F}"
EndProject
Global
	GlobalSection(SolutionConfigurationPlatforms) = preSolution
		Debug|Any CPU = Debug|Any CPU
		Release|Any CPU = Release|Any CPU
	EndGlobalSection
	GlobalSection(ProjectConfigurationPlatforms) = postSolution
		{610EEB32-0184-4F9F-B5C6-92AC38310A1F}.Debug|Any CPU.ActiveCfg = Debug|Any CPU
		{610EEB32-0184-4F9F-B5C6-92AC38310A1F}.Debug|Any CPU.Build.0 = Debug|Any CPU
		{610EEB32-0184-4F9F-B5C6-92AC38310A1F}.Release|Any CPU.ActiveCfg = Release|Any CPU
		{610EEB32-0184-4F9F-B5C6-92AC38310A1F}.Release|Any CPU.Build.0 = Release|Any CPU
	EndGlobalSection
EndGlobal
